Microsoft Visual Studio Solution File, Format Version 12.00
# Visual Studio Version 17
VisualStudioVersion = 17.5.2.0
MinimumVisualStudioVersion = 10.0.40219.1
Project("{FAE04EC0-301F-11D3-BF4B-00C04F79EFBC}") = "Business", "Business\Business.csproj", "{C5827C10-32D2-D72F-4639-49B48E591E74}"
EndProject
Project("{FAE04EC0-301F-11D3-BF4B-00C04F79EFBC}") = "Data", "Data\Data.csproj", "{AE8E2E54-CA0B-F6F5-0102-F79722AD1421}"
EndProject
Project("{FAE04EC0-301F-11D3-BF4B-00C04F79EFBC}") = "Entity", "Entity\Entity.csproj", "{54B15E00-5038-90E9-2F7A-EFF10A915A83}"
EndProject
Project("{FAE04EC0-301F-11D3-BF4B-00C04F79EFBC}") = "Utilities", "Utilities\Utilities.csproj", "{DD29BC01-3E6B-7E3C-8940-A61C0C42100C}"
EndProject
Project("{FAE04EC0-301F-11D3-BF4B-00C04F79EFBC}") = "Web", "Web\Web.csproj", "{AE2BDC88-D1CD-68A9-724B-0BB2BF755B0E}"
EndProject
Global
	GlobalSection(SolutionConfigurationPlatforms) = preSolution
		Debug|Any CPU = Debug|Any CPU
		Release|Any CPU = Release|Any CPU
	EndGlobalSection
	GlobalSection(ProjectConfigurationPlatforms) = postSolution
		{C5827C10-32D2-D72F-4639-49B48E591E74}.Debug|Any CPU.ActiveCfg = Debug|Any CPU
		{C5827C10-32D2-D72F-4639-49B48E591E74}.Debug|Any CPU.Build.0 = Debug|Any CPU
		{C5827C10-32D2-D72F-4639-49B48E591E74}.Release|Any CPU.ActiveCfg = Release|Any CPU
		{C5827C10-32D2-D72F-4639-49B48E591E74}.Release|Any CPU.Build.0 = Release|Any CPU
		{AE8E2E54-CA0B-F6F5-0102-F79722AD1421}.Debug|Any CPU.ActiveCfg = Debug|Any CPU
		{AE8E2E54-CA0B-F6F5-0102-F79722AD1421}.Debug|Any CPU.Build.0 = Debug|Any CPU
		{AE8E2E54-CA0B-F6F5-0102-F79722AD1421}.Release|Any CPU.ActiveCfg = Release|Any CPU
		{AE8E2E54-CA0B-F6F5-0102-F79722AD1421}.Release|Any CPU.Build.0 = Release|Any CPU
		{54B15E00-5038-90E9-2F7A-EFF10A915A83}.Debug|Any CPU.ActiveCfg = Debug|Any CPU
		{54B15E00-5038-90E9-2F7A-EFF10A915A83}.Debug|Any CPU.Build.0 = Debug|Any CPU
		{54B15E00-5038-90E9-2F7A-EFF10A915A83}.Release|Any CPU.ActiveCfg = Release|Any CPU
		{54B15E00-5038-90E9-2F7A-EFF10A915A83}.Release|Any CPU.Build.0 = Release|Any CPU
		{DD29BC01-3E6B-7E3C-8940-A61C0C42100C}.Debug|Any CPU.ActiveCfg = Debug|Any CPU
		{DD29BC01-3E6B-7E3C-8940-A61C0C42100C}.Debug|Any CPU.Build.0 = Debug|Any CPU
		{DD29BC01-3E6B-7E3C-8940-A61C0C42100C}.Release|Any CPU.ActiveCfg = Release|Any CPU
		{DD29BC01-3E6B-7E3C-8940-A61C0C42100C}.Release|Any CPU.Build.0 = Release|Any CPU
		{AE2BDC88-D1CD-68A9-724B-0BB2BF755B0E}.Debug|Any CPU.ActiveCfg = Debug|Any CPU
		{AE2BDC88-D1CD-68A9-724B-0BB2BF755B0E}.Debug|Any CPU.Build.0 = Debug|Any CPU
		{AE2BDC88-D1CD-68A9-724B-0BB2BF755B0E}.Release|Any CPU.ActiveCfg = Release|Any CPU
		{AE2BDC88-D1CD-68A9-724B-0BB2BF755B0E}.Release|Any CPU.Build.0 = Release|Any CPU
	EndGlobalSection
	GlobalSection(SolutionProperties) = preSolution
		HideSolutionNode = FALSE
	EndGlobalSection
	GlobalSection(ExtensibilityGlobals) = postSolution
		SolutionGuid = {31B7784F-426B-4CC1-AA58-EC1827F7B183}
	EndGlobalSection
EndGlobal
